
Microsoft Visual Studio Solution File, Format Version 12.00
# Visual Studio Version 16
VisualStudioVersion = 16.0.30011.22
MinimumVisualStudioVersion = 10.0.40219.1
Project("{FAE04EC0-301F-11D3-BF4B-00C04F79EFBC}") = "YoutubeGameBarOverlay", "YoutubeGameBarOverlay.csproj", "{A733ABA3-5BEF-4B04-9855-FCCE4F352568}"
EndProject
Global
	GlobalSection(SolutionConfigurationPlatforms) = preSolution
		Debug|ARM = Debug|ARM
		Debug|ARM64 = Debug|ARM64
		Debug|x64 = Debug|x64
		Debug|x86 = Debug|x86
		Release|ARM = Release|ARM
		Release|ARM64 = Release|ARM64
		Release|x64 = Release|x64
		Release|x86 = Release|x86
	EndGlobalSection
	GlobalSection(ProjectConfigurationPlatforms) = postSolution
		{A733ABA3-5BEF-4B04-9855-FCCE4F352568}.Debug|ARM.ActiveCfg = Debug|ARM
		{A733ABA3-5BEF-4B04-9855-FCCE4F352568}.Debug|ARM.Build.0 = Debug|ARM
		{A733ABA3-5BEF-4B04-9855-FCCE4F352568}.Debug|ARM.Deploy.0 = Debug|ARM
		{A733ABA3-5BEF-4B04-9855-FCCE4F352568}.Debug|ARM64.ActiveCfg = Debug|ARM64
		{A733ABA3-5BEF-4B04-9855-FCCE4F352568}.Debug|ARM64.Build.0 = Debug|ARM64
		{A733ABA3-5BEF-4B04-9855-FCCE4F352568}.Debug|ARM64.Deploy.0 = Debug|ARM64
		{A733ABA3-5BEF-4B04-9855-FCCE4F352568}.Debug|x64.ActiveCfg = Debug|x64
		{A733ABA3-5BEF-4B04-9855-FCCE4F352568}.Debug|x64.Build.0 = Debug|x64
		{A733ABA3-5BEF-4B04-9855-FCCE4F352568}.Debug|x64.Deploy.0 = Debug|x64
		{A733ABA3-5BEF-4B04-9855-FCCE4F352568}.Debug|x86.ActiveCfg = Debug|x86
		{A733ABA3-5BEF-4B04-9855-FCCE4F352568}.Debug|x86.Build.0 = Debug|x86
		{A733ABA3-5BEF-4B04-9855-FCCE4F352568}.Debug|x86.Deploy.0 = Debug|x86
		{A733ABA3-5BEF-4B04-9855-FCCE4F352568}.Release|ARM.ActiveCfg = Release|ARM
		{A733ABA3-5BEF-4B04-9855-FCCE4F352568}.Release|ARM.Build.0 = Release|ARM
		{A733ABA3-5BEF-4B04-9855-FCCE4F352568}.Release|ARM.Deploy.0 = Release|ARM
		{A733ABA3-5BEF-4B04-9855-FCCE4F352568}.Release|ARM64.ActiveCfg = Release|ARM64
		{A733ABA3-5BEF-4B04-9855-FCCE4F352568}.Release|ARM64.Build.0 = Release|ARM64
		{A733ABA3-5BEF-4B04-9855-FCCE4F352568}.Release|ARM64.Deploy.0 = Release|ARM64
		{A733ABA3-5BEF-4B04-9855-FCCE4F352568}.Release|x64.ActiveCfg = Release|x64
		{A733ABA3-5BEF-4B04-9855-FCCE4F352568}.Release|x64.Build.0 = Release|x64
		{A733ABA3-5BEF-4B04-9855-FCCE4F352568}.Release|x64.Deploy.0 = Release|x64
		{A733ABA3-5BEF-4B04-9855-FCCE4F352568}.Release|x86.ActiveCfg = Release|x86
		{A733ABA3-5BEF-4B04-9855-FCCE4F352568}.Release|x86.Build.0 = Release|x86
		{A733ABA3-5BEF-4B04-9855-FCCE4F352568}.Release|x86.Deploy.0 = Release|x86
	EndGlobalSection
	GlobalSection(SolutionProperties) = preSolution
		HideSolutionNode = FALSE
	EndGlobalSection
	GlobalSection(ExtensibilityGlobals) = postSolution
		SolutionGuid = {F50BD244-3530-4504-91C4-0C89821800B7}
	EndGlobalSection
EndGlobal
